
Microsoft Visual Studio Solution File, Format Version 12.00
# Visual Studio Version 17
VisualStudioVersion = 17.6.33829.357
MinimumVisualStudioVersion = 10.0.40219.1
Project("{FAE04EC0-301F-11D3-BF4B-00C04F79EFBC}") = "KMA.SmartHome.UI", "KMA.SmartHome.UI\KMA.SmartHome.UI.csproj", "{8A177E3B-173B-4D5C-96F3-25FE58FEF197}"
EndProject
Project("{FAE04EC0-301F-11D3-BF4B-00C04F79EFBC}") = "KMA.SmartHome.Common", "KMA.SmartHome.Common\KMA.SmartHome.Common.csproj", "{93FDCDCA-54C3-4E01-9441-4233817C4450}"
EndProject
Project("{FAE04EC0-301F-11D3-BF4B-00C04F79EFBC}") = "KMA.SmartHome.BL", "KMA.SmartHome.BL\KMA.SmartHome.BL.csproj", "{0097012C-D47D-49BD-AE9C-C533A5081302}"
EndProject
Project("{FAE04EC0-301F-11D3-BF4B-00C04F79EFBC}") = "KMA.SmartHome.API", "KMA.SmartHome.API\KMA.SmartHome.API.csproj", "{83611651-EA94-408B-AAD9-1496B0133DB3}"
EndProject
Project("{FAE04EC0-301F-11D3-BF4B-00C04F79EFBC}") = "KMA.SmartHome.DL", "KMA.SmartHome.DL\KMA.SmartHome.DL.csproj", "{C04E2556-EE36-4E5E-8BED-F4C1C4015E44}"
EndProject
Global
	GlobalSection(SolutionConfigurationPlatforms) = preSolution
		Debug|Any CPU = Debug|Any CPU
		Release|Any CPU = Release|Any CPU
	EndGlobalSection
	GlobalSection(ProjectConfigurationPlatforms) = postSolution
		{8A177E3B-173B-4D5C-96F3-25FE58FEF197}.Debug|Any CPU.ActiveCfg = Debug|Any CPU
		{8A177E3B-173B-4D5C-96F3-25FE58FEF197}.Debug|Any CPU.Build.0 = Debug|Any CPU
		{8A177E3B-173B-4D5C-96F3-25FE58FEF197}.Release|Any CPU.ActiveCfg = Release|Any CPU
		{8A177E3B-173B-4D5C-96F3-25FE58FEF197}.Release|Any CPU.Build.0 = Release|Any CPU
		{93FDCDCA-54C3-4E01-9441-4233817C4450}.Debug|Any CPU.ActiveCfg = Debug|Any CPU
		{93FDCDCA-54C3-4E01-9441-4233817C4450}.Debug|Any CPU.Build.0 = Debug|Any CPU
		{93FDCDCA-54C3-4E01-9441-4233817C4450}.Release|Any CPU.ActiveCfg = Release|Any CPU
		{93FDCDCA-54C3-4E01-9441-4233817C4450}.Release|Any CPU.Build.0 = Release|Any CPU
		{0097012C-D47D-49BD-AE9C-C533A5081302}.Debug|Any CPU.ActiveCfg = Debug|Any CPU
		{0097012C-D47D-49BD-AE9C-C533A5081302}.Debug|Any CPU.Build.0 = Debug|Any CPU
		{0097012C-D47D-49BD-AE9C-C533A5081302}.Release|Any CPU.ActiveCfg = Release|Any CPU
		{0097012C-D47D-49BD-AE9C-C533A5081302}.Release|Any CPU.Build.0 = Release|Any CPU
		{83611651-EA94-408B-AAD9-1496B0133DB3}.Debug|Any CPU.ActiveCfg = Debug|Any CPU
		{83611651-EA94-408B-AAD9-1496B0133DB3}.Debug|Any CPU.Build.0 = Debug|Any CPU
		{83611651-EA94-408B-AAD9-1496B0133DB3}.Release|Any CPU.ActiveCfg = Release|Any CPU
		{83611651-EA94-408B-AAD9-1496B0133DB3}.Release|Any CPU.Build.0 = Release|Any CPU
		{C04E2556-EE36-4E5E-8BED-F4C1C4015E44}.Debug|Any CPU.ActiveCfg = Debug|Any CPU
		{C04E2556-EE36-4E5E-8BED-F4C1C4015E44}.Debug|Any CPU.Build.0 = Debug|Any CPU
		{C04E2556-EE36-4E5E-8BED-F4C1C4015E44}.Release|Any CPU.ActiveCfg = Release|Any CPU
		{C04E2556-EE36-4E5E-8BED-F4C1C4015E44}.Release|Any CPU.Build.0 = Release|Any CPU
	EndGlobalSection
	GlobalSection(SolutionProperties) = preSolution
		HideSolutionNode = FALSE
	EndGlobalSection
	GlobalSection(ExtensibilityGlobals) = postSolution
		SolutionGuid = {8BB95875-3268-4BA0-BDBE-AC8ED3D52A05}
	EndGlobalSection
EndGlobal
